
Microsoft Visual Studio Solution File, Format Version 12.00
# Visual Studio 15
VisualStudioVersion = 15.0.27428.2043
MinimumVisualStudioVersion = 10.0.40219.1
Project("{FAE04EC0-301F-11D3-BF4B-00C04F79EFBC}") = "InterpreterExample", "InterpreterExample.csproj", "{71D6858F-C5B3-4B27-B65E-68B1B8B98361}"
EndProject
Global
	GlobalSection(SolutionConfigurationPlatforms) = preSolution
		Debug|Any CPU = Debug|Any CPU
		Release|Any CPU = Release|Any CPU
	EndGlobalSection
	GlobalSection(ProjectConfigurationPlatforms) = postSolution
		{71D6858F-C5B3-4B27-B65E-68B1B8B98361}.Debug|Any CPU.ActiveCfg = Debug|Any CPU
		{71D6858F-C5B3-4B27-B65E-68B1B8B98361}.Debug|Any CPU.Build.0 = Debug|Any CPU
		{71D6858F-C5B3-4B27-B65E-68B1B8B98361}.Release|Any CPU.ActiveCfg = Release|Any CPU
		{71D6858F-C5B3-4B27-B65E-68B1B8B98361}.Release|Any CPU.Build.0 = Release|Any CPU
	EndGlobalSection
	GlobalSection(SolutionProperties) = preSolution
		HideSolutionNode = FALSE
	EndGlobalSection
	GlobalSection(ExtensibilityGlobals) = postSolution
		SolutionGuid = {8CB33A36-9DD4-4C4D-B5D7-E06A9322E8E2}
	EndGlobalSection
EndGlobal
